// !$*UTF8*$!
{
	archiveVersion = 1;
	classes = {
	};
	objectVersion = 46;
	objects = {

/* Begin PBXBuildFile section */
		29A21A6B1B2E8FF9005F94A1 /* main.m in Sources */ = {isa = PBXBuildFile; fileRef = 29A21A6A1B2E8FF9005F94A1 /* main.m */; };
		29A21A6E1B2E8FF9005F94A1 /* AppDelegate.m in Sources */ = {isa = PBXBuildFile; fileRef = 29A21A6D1B2E8FF9005F94A1 /* AppDelegate.m */; };
		29A21A711B2E8FF9005F94A1 /* AppController.m in Sources */ = {isa = PBXBuildFile; fileRef = 29A21A701B2E8FF9005F94A1 /* AppController.m */; };
		29A21A741B2E8FF9005F94A1 /* Main.storyboard in Resources */ = {isa = PBXBuildFile; fileRef = 29A21A721B2E8FF9005F94A1 /* Main.storyboard */; };
		29A21A761B2E8FF9005F94A1 /* Images.xcassets in Resources */ = {isa = PBXBuildFile; fileRef = 29A21A751B2E8FF9005F94A1 /* Images.xcassets */; };
		29A21A791B2E8FF9005F94A1 /* LaunchScreen.xib in Resources */ = {isa = PBXBuildFile; fileRef = 29A21A771B2E8FF9005F94A1 /* LaunchScreen.xib */; };
		29A21A851B2E8FF9005F94A1 /* AppScrollTests.m in Sources */ = {isa = PBXBuildFile; fileRef = 29A21A841B2E8FF9005F94A1 /* AppScrollTests.m */; };
		29A21AB61B2E9321005F94A1 /* ExampleCALayerDelegate.m in Sources */ = {isa = PBXBuildFile; fileRef = 29A21AB51B2E9321005F94A1 /* ExampleCALayerDelegate.m */; };
		29A21ABC1B2E93DB005F94A1 /* ExampleCATiledLayerDelegate.m in Sources */ = {isa = PBXBuildFile; fileRef = 29A21ABB1B2E93DB005F94A1 /* ExampleCATiledLayerDelegate.m */; };
		29A21ABF1B2E9611005F94A1 /* ExampleCAOpenGLLayer.m in Sources */ = {isa = PBXBuildFile; fileRef = 29A21ABE1B2E9611005F94A1 /* ExampleCAOpenGLLayer.m */; };
		29A21AC11B2E9BBA005F94A1 /* CoreFoundation.framework in Frameworks */ = {isa = PBXBuildFile; fileRef = 29A21AC01B2E9BBA005F94A1 /* CoreFoundation.framework */; settings = {ATTRIBUTES = (Required, ); }; };
/* End PBXBuildFile section */

/* Begin PBXContainerItemProxy section */
		29A21A7F1B2E8FF9005F94A1 /* PBXContainerItemProxy */ = {
			isa = PBXContainerItemProxy;
			containerPortal = 29A21A5D1B2E8FF9005F94A1 /* Project object */;
			proxyType = 1;
			remoteGlobalIDString = 29A21A641B2E8FF9005F94A1;
			remoteInfo = AppScroll;
		};
/* End PBXContainerItemProxy section */

/* Begin PBXFileReference section */
		29A21A651B2E8FF9005F94A1 /* AppScroll.app */ = {isa = PBXFileReference; explicitFileType = wrapper.application; includeInIndex = 0; path = AppScroll.app; sourceTree = BUILT_PRODUCTS_DIR; };
		29A21A691B2E8FF9005F94A1 /* Info.plist */ = {isa = PBXFileReference; lastKnownFileType = text.plist.xml; path = Info.plist; sourceTree = "<group>"; };
		29A21A6A1B2E8FF9005F94A1 /* main.m */ = {isa = PBXFileReference; lastKnownFileType = sourcecode.c.objc; path = main.m; sourceTree = "<group>"; };
		29A21A6C1B2E8FF9005F94A1 /* AppDelegate.h */ = {isa = PBXFileReference; lastKnownFileType = sourcecode.c.h; path = AppDelegate.h; sourceTree = "<group>"; };
		29A21A6D1B2E8FF9005F94A1 /* AppDelegate.m */ = {isa = PBXFileReference; lastKnownFileType = sourcecode.c.objc; path = AppDelegate.m; sourceTree = "<group>"; };
		29A21A6F1B2E8FF9005F94A1 /* AppController.h */ = {isa = PBXFileReference; lastKnownFileType = sourcecode.c.h; path = AppController.h; sourceTree = "<group>"; };
		29A21A701B2E8FF9005F94A1 /* AppController.m */ = {isa = PBXFileReference; lastKnownFileType = sourcecode.c.objc; path = AppController.m; sourceTree = "<group>"; };
		29A21A731B2E8FF9005F94A1 /* Base */ = {isa = PBXFileReference; lastKnownFileType = file.storyboard; name = Base; path = Base.lproj/Main.storyboard; sourceTree = "<group>"; };
		29A21A751B2E8FF9005F94A1 /* Images.xcassets */ = {isa = PBXFileReference; lastKnownFileType = folder.assetcatalog; path = Images.xcassets; sourceTree = "<group>"; };
		29A21A781B2E8FF9005F94A1 /* Base */ = {isa = PBXFileReference; lastKnownFileType = file.xib; name = Base; path = Base.lproj/LaunchScreen.xib; sourceTree = "<group>"; };
		29A21A7E1B2E8FF9005F94A1 /* AppScrollTests.xctest */ = {isa = PBXFileReference; explicitFileType = wrapper.cfbundle; includeInIndex = 0; path = AppScrollTests.xctest; sourceTree = BUILT_PRODUCTS_DIR; };
		29A21A831B2E8FF9005F94A1 /* Info.plist */ = {isa = PBXFileReference; lastKnownFileType = text.plist.xml; path = Info.plist; sourceTree = "<group>"; };
		29A21A841B2E8FF9005F94A1 /* AppScrollTests.m */ = {isa = PBXFileReference; lastKnownFileType = sourcecode.c.objc; path = AppScrollTests.m; sourceTree = "<group>"; };
		29A21AB41B2E9321005F94A1 /* ExampleCALayerDelegate.h */ = {isa = PBXFileReference; fileEncoding = 4; lastKnownFileType = sourcecode.c.h; path = ExampleCALayerDelegate.h; sourceTree = "<group>"; };
		29A21AB51B2E9321005F94A1 /* ExampleCALayerDelegate.m */ = {isa = PBXFileReference; fileEncoding = 4; lastKnownFileType = sourcecode.c.objc; path = ExampleCALayerDelegate.m; sourceTree = "<group>"; };
		29A21ABA1B2E93DB005F94A1 /* ExampleCATiledLayerDelegate.h */ = {isa = PBXFileReference; fileEncoding = 4; lastKnownFileType = sourcecode.c.h; path = ExampleCATiledLayerDelegate.h; sourceTree = "<group>"; };
		29A21ABB1B2E93DB005F94A1 /* ExampleCATiledLayerDelegate.m */ = {isa = PBXFileReference; fileEncoding = 4; lastKnownFileType = sourcecode.c.objc; path = ExampleCATiledLayerDelegate.m; sourceTree = "<group>"; };
		29A21ABD1B2E9611005F94A1 /* ExampleCAOpenGLLayer.h */ = {isa = PBXFileReference; fileEncoding = 4; lastKnownFileType = sourcecode.c.h; path = ExampleCAOpenGLLayer.h; sourceTree = "<group>"; };
		29A21ABE1B2E9611005F94A1 /* ExampleCAOpenGLLayer.m */ = {isa = PBXFileReference; fileEncoding = 4; lastKnownFileType = sourcecode.c.objc; path = ExampleCAOpenGLLayer.m; sourceTree = "<group>"; };
		29A21AC01B2E9BBA005F94A1 /* CoreFoundation.framework */ = {isa = PBXFileReference; lastKnownFileType = wrapper.framework; name = CoreFoundation.framework; path = System/Library/Frameworks/CoreFoundation.framework; sourceTree = SDKROOT; };
/* End PBXFileReference section */

/* Begin PBXFrameworksBuildPhase section */
		29A21A621B2E8FF9005F94A1 /* Frameworks */ = {
			isa = PBXFrameworksBuildPhase;
			buildActionMask = 2147483647;
			files = (
				29A21AC11B2E9BBA005F94A1 /* CoreFoundation.framework in Frameworks */,
			);
			runOnlyForDeploymentPostprocessing = 0;
		};
		29A21A7B1B2E8FF9005F94A1 /* Frameworks */ = {
			isa = PBXFrameworksBuildPhase;
			buildActionMask = 2147483647;
			files = (
			);
			runOnlyForDeploymentPostprocessing = 0;
		};
/* End PBXFrameworksBuildPhase section */

/* Begin PBXGroup section */
		29A21A5C1B2E8FF9005F94A1 = {
			isa = PBXGroup;
			children = (
				29A21AC01B2E9BBA005F94A1 /* CoreFoundation.framework */,
				29A21A671B2E8FF9005F94A1 /* AppScroll */,
				29A21A811B2E8FF9005F94A1 /* AppScrollTests */,
				29A21A661B2E8FF9005F94A1 /* Products */,
			);
			sourceTree = "<group>";
		};
		29A21A661B2E8FF9005F94A1 /* Products */ = {
			isa = PBXGroup;
			children = (
				29A21A651B2E8FF9005F94A1 /* AppScroll.app */,
				29A21A7E1B2E8FF9005F94A1 /* AppScrollTests.xctest */,
			);
			name = Products;
			sourceTree = "<group>";
		};
		29A21A671B2E8FF9005F94A1 /* AppScroll */ = {
			isa = PBXGroup;
			children = (
				29A21A6C1B2E8FF9005F94A1 /* AppDelegate.h */,
				29A21A6D1B2E8FF9005F94A1 /* AppDelegate.m */,
				29A21A6F1B2E8FF9005F94A1 /* AppController.h */,
				29A21A701B2E8FF9005F94A1 /* AppController.m */,
				29A21ABD1B2E9611005F94A1 /* ExampleCAOpenGLLayer.h */,
				29A21ABE1B2E9611005F94A1 /* ExampleCAOpenGLLayer.m */,
				29A21ABA1B2E93DB005F94A1 /* ExampleCATiledLayerDelegate.h */,
				29A21ABB1B2E93DB005F94A1 /* ExampleCATiledLayerDelegate.m */,
				29A21AB51B2E9321005F94A1 /* ExampleCALayerDelegate.m */,
				29A21AB41B2E9321005F94A1 /* ExampleCALayerDelegate.h */,
				29A21A721B2E8FF9005F94A1 /* Main.storyboard */,
				29A21A751B2E8FF9005F94A1 /* Images.xcassets */,
				29A21A771B2E8FF9005F94A1 /* LaunchScreen.xib */,
				29A21A681B2E8FF9005F94A1 /* Supporting Files */,
			);
			path = AppScroll;
			sourceTree = "<group>";
		};
		29A21A681B2E8FF9005F94A1 /* Supporting Files */ = {
			isa = PBXGroup;
			children = (
				29A21A691B2E8FF9005F94A1 /* Info.plist */,
				29A21A6A1B2E8FF9005F94A1 /* main.m */,
			);
			name = "Supporting Files";
			sourceTree = "<group>";
		};
		29A21A811B2E8FF9005F94A1 /* AppScrollTests */ = {
			isa = PBXGroup;
			children = (
				29A21A841B2E8FF9005F94A1 /* AppScrollTests.m */,
				29A21A821B2E8FF9005F94A1 /* Supporting Files */,
			);
			path = AppScrollTests;
			sourceTree = "<group>";
		};
		29A21A821B2E8FF9005F94A1 /* Supporting Files */ = {
			isa = PBXGroup;
			children = (
				29A21A831B2E8FF9005F94A1 /* Info.plist */,
			);
			name = "Supporting Files";
			sourceTree = "<group>";
		};
/* End PBXGroup section */

/* Begin PBXNativeTarget section */
		29A21A641B2E8FF9005F94A1 /* AppScroll */ = {
			isa = PBXNativeTarget;
			buildConfigurationList = 29A21A881B2E8FF9005F94A1 /* Build configuration list for PBXNativeTarget "AppScroll" */;
			buildPhases = (
				29A21A611B2E8FF9005F94A1 /* Sources */,
				29A21A621B2E8FF9005F94A1 /* Frameworks */,
				29A21A631B2E8FF9005F94A1 /* Resources */,
			);
			buildRules = (
			);
			dependencies = (
			);
			name = AppScroll;
			productName = AppScroll;
			productReference = 29A21A651B2E8FF9005F94A1 /* AppScroll.app */;
			productType = "com.apple.product-type.application";
		};
		29A21A7D1B2E8FF9005F94A1 /* AppScrollTests */ = {
			isa = PBXNativeTarget;
			buildConfigurationList = 29A21A8B1B2E8FF9005F94A1 /* Build configuration list for PBXNativeTarget "AppScrollTests" */;
			buildPhases = (
				29A21A7A1B2E8FF9005F94A1 /* Sources */,
				29A21A7B1B2E8FF9005F94A1 /* Frameworks */,
				29A21A7C1B2E8FF9005F94A1 /* Resources */,
			);
			buildRules = (
			);
			dependencies = (
				29A21A801B2E8FF9005F94A1 /* PBXTargetDependency */,
			);
			name = AppScrollTests;
			productName = AppScrollTests;
			productReference = 29A21A7E1B2E8FF9005F94A1 /* AppScrollTests.xctest */;
			productType = "com.apple.product-type.bundle.unit-test";
		};
/* End PBXNativeTarget section */

/* Begin PBXProject section */
		29A21A5D1B2E8FF9005F94A1 /* Project object */ = {
			isa = PBXProject;
			attributes = {
				LastUpgradeCheck = 0610;
				ORGANIZATIONNAME = "Adenike Olatunji";
				TargetAttributes = {
					29A21A641B2E8FF9005F94A1 = {
						CreatedOnToolsVersion = 6.1.1;
					};
					29A21A7D1B2E8FF9005F94A1 = {
						CreatedOnToolsVersion = 6.1.1;
						TestTargetID = 29A21A641B2E8FF9005F94A1;
					};
				};
			};
			buildConfigurationList = 29A21A601B2E8FF9005F94A1 /* Build configuration list for PBXProject "AppScroll" */;
			compatibilityVersion = "Xcode 3.2";
			developmentRegion = English;
			hasScannedForEncodings = 0;
			knownRegions = (
				en,
				Base,
			);
			mainGroup = 29A21A5C1B2E8FF9005F94A1;
			productRefGroup = 29A21A661B2E8FF9005F94A1 /* Products */;
			projectDirPath = "";
			projectRoot = "";
			targets = (
				29A21A641B2E8FF9005F94A1 /* AppScroll */,
				29A21A7D1B2E8FF9005F94A1 /* AppScrollTests */,
			);
		};
/* End PBXProject section */

/* Begin PBXResourcesBuildPhase section */
		29A21A631B2E8FF9005F94A1 /* Resources */ = {
			isa = PBXResourcesBuildPhase;
			buildActionMask = 2147483647;
			files = (
				29A21A741B2E8FF9005F94A1 /* Main.storyboard in Resources */,
				29A21A791B2E8FF9005F94A1 /* LaunchScreen.xib in Resources */,
				29A21A761B2E8FF9005F94A1 /* Images.xcassets in Resources */,
			);
			runOnlyForDeploymentPostprocessing = 0;
		};
		29A21A7C1B2E8FF9005F94A1 /* Resources */ = {
			isa = PBXResourcesBuildPhase;
			buildActionMask = 2147483647;
			files = (
			);
			runOnlyForDeploymentPostprocessing = 0;
		};
/* End PBXResourcesBuildPhase section */

/* Begin PBXSourcesBuildPhase section */
		29A21A611B2E8FF9005F94A1 /* Sources */ = {
			isa = PBXSourcesBuildPhase;
			buildActionMask = 2147483647;
			files = (
				29A21A711B2E8FF9005F94A1 /* AppController.m in Sources */,
				29A21A6E1B2E8FF9005F94A1 /* AppDelegate.m in Sources */,
				29A21A6B1B2E8FF9005F94A1 /* main.m in Sources */,
				29A21ABF1B2E9611005F94A1 /* ExampleCAOpenGLLayer.m in Sources */,
				29A21ABC1B2E93DB005F94A1 /* ExampleCATiledLayerDelegate.m in Sources */,
				29A21AB61B2E9321005F94A1 /* ExampleCALayerDelegate.m in Sources */,
			);
			runOnlyForDeploymentPostprocessing = 0;
		};
		29A21A7A1B2E8FF9005F94A1 /* Sources */ = {
			isa = PBXSourcesBuildPhase;
			buildActionMask = 2147483647;
			files = (
				29A21A851B2E8FF9005F94A1 /* AppScrollTests.m in Sources */,
			);
			runOnlyForDeploymentPostprocessing = 0;
		};
/* End PBXSourcesBuildPhase section */

/* Begin PBXTargetDependency section */
		29A21A801B2E8FF9005F94A1 /* PBXTargetDependency */ = {
			isa = PBXTargetDependency;
			target = 29A21A641B2E8FF9005F94A1 /* AppScroll */;
			targetProxy = 29A21A7F1B2E8FF9005F94A1 /* PBXContainerItemProxy */;
		};
/* End PBXTargetDependency section */

/* Begin PBXVariantGroup section */
		29A21A721B2E8FF9005F94A1 /* Main.storyboard */ = {
			isa = PBXVariantGroup;
			children = (
				29A21A731B2E8FF9005F94A1 /* Base */,
			);
			name = Main.storyboard;
			sourceTree = "<group>";
		};
		29A21A771B2E8FF9005F94A1 /* LaunchScreen.xib */ = {
			isa = PBXVariantGroup;
			children = (
				29A21A781B2E8FF9005F94A1 /* Base */,
			);
			name = LaunchScreen.xib;
			sourceTree = "<group>";
		};
/* End PBXVariantGroup section */

/* Begin XCBuildConfiguration section */
		29A21A861B2E8FF9005F94A1 /* Debug */ = {
			isa = XCBuildConfiguration;
			buildSettings = {
				ALWAYS_SEARCH_USER_PATHS = NO;
				CLANG_CXX_LANGUAGE_STANDARD = "gnu++0x";
				CLANG_CXX_LIBRARY = "libc++";
				CLANG_ENABLE_MODULES = YES;
				CLANG_ENABLE_OBJC_ARC = YES;
				CLANG_WARN_BOOL_CONVERSION = YES;
				CLANG_WARN_CONSTANT_CONVERSION = YES;
				CLANG_WARN_DIRECT_OBJC_ISA_USAGE = YES_ERROR;
				CLANG_WARN_EMPTY_BODY = YES;
				CLANG_WARN_ENUM_CONVERSION = YES;
				CLANG_WARN_INT_CONVERSION = YES;
				CLANG_WARN_OBJC_ROOT_CLASS = YES_ERROR;
				CLANG_WARN_UNREACHABLE_CODE = YES;
				CLANG_WARN__DUPLICATE_METHOD_MATCH = YES;
				"CODE_SIGN_IDENTITY[sdk=iphoneos*]" = "iPhone Developer";
				COPY_PHASE_STRIP = NO;
				ENABLE_STRICT_OBJC_MSGSEND = YES;
				GCC_C_LANGUAGE_STANDARD = gnu99;
				GCC_DYNAMIC_NO_PIC = NO;
				GCC_OPTIMIZATION_LEVEL = 0;
				GCC_PREPROCESSOR_DEFINITIONS = (
					"DEBUG=1",
					"$(inherited)",
				);
				GCC_SYMBOLS_PRIVATE_EXTERN = NO;
				GCC_WARN_64_TO_32_BIT_CONVERSION = YES;
				GCC_WARN_ABOUT_RETURN_TYPE = YES_ERROR;
				GCC_WARN_UNDECLARED_SELECTOR = YES;
				GCC_WARN_UNINITIALIZED_AUTOS = YES_AGGRESSIVE;
				GCC_WARN_UNUSED_FUNCTION = YES;
				GCC_WARN_UNUSED_VARIABLE = YES;
				IPHONEOS_DEPLOYMENT_TARGET = 8.1;
				MTL_ENABLE_DEBUG_INFO = YES;
				ONLY_ACTIVE_ARCH = YES;
				SDKROOT = iphoneos;
			};
			name = Debug;
		};
		29A21A871B2E8FF9005F94A1 /* Release */ = {
			isa = XCBuildConfiguration;
			buildSettings = {
				ALWAYS_SEARCH_USER_PATHS = NO;
				CLANG_CXX_LANGUAGE_STANDARD = "gnu++0x";
				CLANG_CXX_LIBRARY = "libc++";
				CLANG_ENABLE_MODULES = YES;
				CLANG_ENABLE_OBJC_ARC = YES;
				CLANG_WARN_BOOL_CONVERSION = YES;
				CLANG_WARN_CONSTANT_CONVERSION = YES;
				CLANG_WARN_DIRECT_OBJC_ISA_USAGE = YES_ERROR;
				CLANG_WARN_EMPTY_BODY = YES;
				CLANG_WARN_ENUM_CONVERSION = YES;
				CLANG_WARN_INT_CONVERSION = YES;
				CLANG_WARN_OBJC_ROOT_CLASS = YES_ERROR;
				CLANG_WARN_UNREACHABLE_CODE = YES;
				CLANG_WARN__DUPLICATE_METHOD_MATCH = YES;
				"CODE_SIGN_IDENTITY[sdk=iphoneos*]" = "iPhone Developer";
				COPY_PHASE_STRIP = YES;
				ENABLE_NS_ASSERTIONS = NO;
				ENABLE_STRICT_OBJC_MSGSEND = YES;
				GCC_C_LANGUAGE_STANDARD = gnu99;
				GCC_WARN_64_TO_32_BIT_CONVERSION = YES;
				GCC_WARN_ABOUT_RETURN_TYPE = YES_ERROR;
				GCC_WARN_UNDECLARED_SELECTOR = YES;
				GCC_WARN_UNINITIALIZED_AUTOS = YES_AGGRESSIVE;
				GCC_WARN_UNUSED_FUNCTION = YES;
				GCC_WARN_UNUSED_VARIABLE = YES;
				IPHONEOS_DEPLOYMENT_TARGET = 8.1;
				MTL_ENABLE_DEBUG_INFO = NO;
				SDKROOT = iphoneos;
				VALIDATE_PRODUCT = YES;
			};
			name = Release;
		};
		29A21A891B2E8FF9005F94A1 /* Debug */ = {
			isa = XCBuildConfiguration;
			buildSettings = {
				ASSETCATALOG_COMPILER_APPICON_NAME = AppIcon;
				INFOPLIST_FILE = AppScroll/Info.plist;
				LD_RUNPATH_SEARCH_PATHS = "$(inherited) @executable_path/Frameworks";
				PRODUCT_NAME = "$(TARGET_NAME)";
			};
			name = Debug;
		};
		29A21A8A1B2E8FF9005F94A1 /* Release */ = {
			isa = XCBuildConfiguration;
			buildSettings = {
				ASSETCATALOG_COMPILER_APPICON_NAME = AppIcon;
				INFOPLIST_FILE = AppScroll/Info.plist;
				LD_RUNPATH_SEARCH_PATHS = "$(inherited) @executable_path/Frameworks";
				PRODUCT_NAME = "$(TARGET_NAME)";
			};
			name = Release;
		};
		29A21A8C1B2E8FF9005F94A1 /* Debug */ = {
			isa = XCBuildConfiguration;
			buildSettings = {
				BUNDLE_LOADER = "$(TEST_HOST)";
				FRAMEWORK_SEARCH_PATHS = (
					"$(SDKROOT)/Developer/Library/Frameworks",
					"$(inherited)",
				);
				GCC_PREPROCESSOR_DEFINITIONS = (
					"DEBUG=1",
					"$(inherited)",
				);
				INFOPLIST_FILE = AppScrollTests/Info.plist;
				LD_RUNPATH_SEARCH_PATHS = "$(inherited) @executable_path/Frameworks @loader_path/Frameworks";
				PRODUCT_NAME = "$(TARGET_NAME)";
				TEST_HOST = "$(BUILT_PRODUCTS_DIR)/AppScroll.app/AppScroll";
			};
			name = Debug;
		};
		29A21A8D1B2E8FF9005F94A1 /* Release */ = {
			isa = XCBuildConfiguration;
			buildSettings = {
				BUNDLE_LOADER = "$(TEST_HOST)";
				FRAMEWORK_SEARCH_PATHS = (
					"$(SDKROOT)/Developer/Library/Frameworks",
					"$(inherited)",
				);
				INFOPLIST_FILE = AppScrollTests/Info.plist;
				LD_RUNPATH_SEARCH_PATHS = "$(inherited) @executable_path/Frameworks @loader_path/Frameworks";
				PRODUCT_NAME = "$(TARGET_NAME)";
				TEST_HOST = "$(BUILT_PRODUCTS_DIR)/AppScroll.app/AppScroll";
			};
			name = Release;
		};
/* End XCBuildConfiguration section */

/* Begin XCConfigurationList section */
		29A21A601B2E8FF9005F94A1 /* Build configuration list for PBXProject "AppScroll" */ = {
			isa = XCConfigurationList;
			buildConfigurations = (
				29A21A861B2E8FF9005F94A1 /* Debug */,
				29A21A871B2E8FF9005F94A1 /* Release */,
			);
			defaultConfigurationIsVisible = 0;
			defaultConfigurationName = Release;
		};
		29A21A881B2E8FF9005F94A1 /* Build configuration list for PBXNativeTarget "AppScroll" */ = {
			isa = XCConfigurationList;
			buildConfigurations = (
				29A21A891B2E8FF9005F94A1 /* Debug */,
				29A21A8A1B2E8FF9005F94A1 /* Release */,
			);
			defaultConfigurationIsVisible = 0;
		};
		29A21A8B1B2E8FF9005F94A1 /* Build configuration list for PBXNativeTarget "AppScrollTests" */ = {
			isa = XCConfigurationList;
			buildConfigurations = (
				29A21A8C1B2E8FF9005F94A1 /* Debug */,
				29A21A8D1B2E8FF9005F94A1 /* Release */,
			);
			defaultConfigurationIsVisible = 0;
		};
/* End XCConfigurationList section */
	};
	rootObject = 29A21A5D1B2E8FF9005F94A1 /* Project object */;
}
